
Microsoft Visual Studio Solution File, Format Version 12.00
# Visual Studio Version 16
VisualStudioVersion = 16.0.31613.86
MinimumVisualStudioVersion = 10.0.40219.1
Project("{FAE04EC0-301F-11D3-BF4B-00C04F79EFBC}") = "HR", "HR\HR.csproj", "{69A20173-186F-444D-B7D7-FD40DA0D94B1}"
EndProject
Project("{54435603-DBB4-11D2-8724-00A0C9A8B90C}") = "SMRU HR App", "Setup1\Setup1.vdproj", "{3BCCF89C-0399-4536-A0AE-B5410D9C5300}"
EndProject
Global
	GlobalSection(SolutionConfigurationPlatforms) = preSolution
		Debug|Any CPU = Debug|Any CPU
		Release|Any CPU = Release|Any CPU
	EndGlobalSection
	GlobalSection(ProjectConfigurationPlatforms) = postSolution
		{69A20173-186F-444D-B7D7-FD40DA0D94B1}.Debug|Any CPU.ActiveCfg = Release|Any CPU
		{69A20173-186F-444D-B7D7-FD40DA0D94B1}.Debug|Any CPU.Build.0 = Release|Any CPU
		{69A20173-186F-444D-B7D7-FD40DA0D94B1}.Release|Any CPU.ActiveCfg = Release|Any CPU
		{69A20173-186F-444D-B7D7-FD40DA0D94B1}.Release|Any CPU.Build.0 = Release|Any CPU
		{3BCCF89C-0399-4536-A0AE-B5410D9C5300}.Debug|Any CPU.ActiveCfg = Release
		{3BCCF89C-0399-4536-A0AE-B5410D9C5300}.Debug|Any CPU.Build.0 = Release
		{3BCCF89C-0399-4536-A0AE-B5410D9C5300}.Release|Any CPU.ActiveCfg = Release
		{3BCCF89C-0399-4536-A0AE-B5410D9C5300}.Release|Any CPU.Build.0 = Release
	EndGlobalSection
	GlobalSection(SolutionProperties) = preSolution
		HideSolutionNode = FALSE
	EndGlobalSection
	GlobalSection(ExtensibilityGlobals) = postSolution
		SolutionGuid = {7F659A7D-A95B-4608-8348-77B7E0DDD005}
	EndGlobalSection
EndGlobal
